
Microsoft Visual Studio Solution File, Format Version 12.00
# Visual Studio Version 16
VisualStudioVersion = 16.0.31019.35
MinimumVisualStudioVersion = 10.0.40219.1
Project("{FAE04EC0-301F-11D3-BF4B-00C04F79EFBC}") = "IntroToLogging", "IntroToLogging.csproj", "{743B1E7E-4978-4277-8290-3EAEE3B214CB}"
EndProject
Global
	GlobalSection(SolutionConfigurationPlatforms) = preSolution
		Debug|Any CPU = Debug|Any CPU
		Release|Any CPU = Release|Any CPU
	EndGlobalSection
	GlobalSection(ProjectConfigurationPlatforms) = postSolution
		{743B1E7E-4978-4277-8290-3EAEE3B214CB}.Debug|Any CPU.ActiveCfg = Debug|Any CPU
		{743B1E7E-4978-4277-8290-3EAEE3B214CB}.Debug|Any CPU.Build.0 = Debug|Any CPU
		{743B1E7E-4978-4277-8290-3EAEE3B214CB}.Release|Any CPU.ActiveCfg = Release|Any CPU
		{743B1E7E-4978-4277-8290-3EAEE3B214CB}.Release|Any CPU.Build.0 = Release|Any CPU
	EndGlobalSection
	GlobalSection(SolutionProperties) = preSolution
		HideSolutionNode = FALSE
	EndGlobalSection
	GlobalSection(ExtensibilityGlobals) = postSolution
		SolutionGuid = {6858C84F-3D84-4654-B5B8-E00FAF70C349}
	EndGlobalSection
EndGlobal
